
Microsoft Visual Studio Solution File, Format Version 12.00
# Visual Studio Version 16
VisualStudioVersion = 16.0.31019.35
MinimumVisualStudioVersion = 10.0.40219.1
Project("{9A19103F-16F7-4668-BE54-9A1E7A4F7556}") = "WooCommerce.NET", "WooCommerce.NET.csproj", "{84D52B18-1386-401B-9148-90D8217DCDA7}"
EndProject
Global
	GlobalSection(SolutionConfigurationPlatforms) = preSolution
		Debug|Any CPU = Debug|Any CPU
		Release|Any CPU = Release|Any CPU
	EndGlobalSection
	GlobalSection(ProjectConfigurationPlatforms) = postSolution
		{84D52B18-1386-401B-9148-90D8217DCDA7}.Debug|Any CPU.ActiveCfg = Debug|Any CPU
		{84D52B18-1386-401B-9148-90D8217DCDA7}.Debug|Any CPU.Build.0 = Debug|Any CPU
		{84D52B18-1386-401B-9148-90D8217DCDA7}.Release|Any CPU.ActiveCfg = Release|Any CPU
		{84D52B18-1386-401B-9148-90D8217DCDA7}.Release|Any CPU.Build.0 = Release|Any CPU
	EndGlobalSection
	GlobalSection(SolutionProperties) = preSolution
		HideSolutionNode = FALSE
	EndGlobalSection
	GlobalSection(ExtensibilityGlobals) = postSolution
		SolutionGuid = {3C89A272-B1F3-45B4-ACCD-CA56A661E3E9}
	EndGlobalSection
EndGlobal
